
Microsoft Visual Studio Solution File, Format Version 12.00
# Visual Studio Version 16
VisualStudioVersion = 16.0.31205.134
MinimumVisualStudioVersion = 10.0.40219.1
Project("{FAE04EC0-301F-11D3-BF4B-00C04F79EFBC}") = "MVC_ModelDemo", "MVC_ModelDemo\MVC_ModelDemo.csproj", "{D5C843EA-EDBF-45D0-8C4F-87A21F17C6E2}"
EndProject
Global
	GlobalSection(SolutionConfigurationPlatforms) = preSolution
		Debug|Any CPU = Debug|Any CPU
		Release|Any CPU = Release|Any CPU
	EndGlobalSection
	GlobalSection(ProjectConfigurationPlatforms) = postSolution
		{D5C843EA-EDBF-45D0-8C4F-87A21F17C6E2}.Debug|Any CPU.ActiveCfg = Debug|Any CPU
		{D5C843EA-EDBF-45D0-8C4F-87A21F17C6E2}.Debug|Any CPU.Build.0 = Debug|Any CPU
		{D5C843EA-EDBF-45D0-8C4F-87A21F17C6E2}.Release|Any CPU.ActiveCfg = Release|Any CPU
		{D5C843EA-EDBF-45D0-8C4F-87A21F17C6E2}.Release|Any CPU.Build.0 = Release|Any CPU
	EndGlobalSection
	GlobalSection(SolutionProperties) = preSolution
		HideSolutionNode = FALSE
	EndGlobalSection
	GlobalSection(ExtensibilityGlobals) = postSolution
		SolutionGuid = {3CBEC2F2-F82A-427E-90DB-D43516CF4332}
	EndGlobalSection
EndGlobal
